
Microsoft Visual Studio Solution File, Format Version 11.00
# Visual Studio 2010
Project("{FAE04EC0-301F-11D3-BF4B-00C04F79EFBC}") = "Oculus.Platform", "Oculus.Platform.csproj", "{389ba275-d57c-2e45-a76a-31a875977b96}"
EndProject
Project("{FAE04EC0-301F-11D3-BF4B-00C04F79EFBC}") = "Assembly-CSharp", "Assembly-CSharp.csproj", "{c3b6c275-e2b2-c3bd-96d6-4140711a5766}"
EndProject
Project("{FAE04EC0-301F-11D3-BF4B-00C04F79EFBC}") = "Meta.WitAi", "Meta.WitAi.csproj", "{9038d648-0a1f-793c-4fd8-e210bb312e77}"
EndProject
Project("{FAE04EC0-301F-11D3-BF4B-00C04F79EFBC}") = "Oculus.Interaction", "Oculus.Interaction.csproj", "{48dfeb7f-e3ac-2e98-abe7-bdaa293fe87e}"
EndProject
Project("{FAE04EC0-301F-11D3-BF4B-00C04F79EFBC}") = "Oculus.VR", "Oculus.VR.csproj", "{5b61c87e-4efa-e9ed-7008-10edb9b3188f}"
EndProject
Project("{FAE04EC0-301F-11D3-BF4B-00C04F79EFBC}") = "VoiceSDK.Dictation.Runtime", "VoiceSDK.Dictation.Runtime.csproj", "{18e0ae90-5b40-37cd-b62b-f68494c942c3}"
EndProject
Project("{FAE04EC0-301F-11D3-BF4B-00C04F79EFBC}") = "Meta.WitAi.Lib", "Meta.WitAi.Lib.csproj", "{1465b05f-90fc-c121-e3cd-61d04f71b3f7}"
EndProject
Project("{FAE04EC0-301F-11D3-BF4B-00C04F79EFBC}") = "VoiceSDK.Runtime", "VoiceSDK.Runtime.csproj", "{27b331eb-e3b0-21b9-20bb-d35bacac6f6d}"
EndProject
Project("{FAE04EC0-301F-11D3-BF4B-00C04F79EFBC}") = "Oculus.Interaction.OVR.Samples", "Oculus.Interaction.OVR.Samples.csproj", "{90c06b8b-3947-e1f5-19c9-905a5dc6dec6}"
EndProject
Project("{FAE04EC0-301F-11D3-BF4B-00C04F79EFBC}") = "Meta.WitAi.TTS.Samples", "Meta.WitAi.TTS.Samples.csproj", "{cb750857-353d-c76c-a6b0-ac8632ff60b9}"
EndProject
Project("{FAE04EC0-301F-11D3-BF4B-00C04F79EFBC}") = "Oculus.Voice.Demo", "Oculus.Voice.Demo.csproj", "{945ad0a5-c82a-4107-7a02-a56dc00efb2c}"
EndProject
Project("{FAE04EC0-301F-11D3-BF4B-00C04F79EFBC}") = "Oculus.Interaction.OVR", "Oculus.Interaction.OVR.csproj", "{b20096b5-a7e8-b9cc-90db-d86b02c1efa4}"
EndProject
Project("{FAE04EC0-301F-11D3-BF4B-00C04F79EFBC}") = "AssistantCoreSDKRuntime", "AssistantCoreSDKRuntime.csproj", "{de9b144b-ac1c-e06b-7bee-c46815a4c272}"
EndProject
Project("{FAE04EC0-301F-11D3-BF4B-00C04F79EFBC}") = "Meta.WitAi.Conduit", "Meta.WitAi.Conduit.csproj", "{005040ab-9ab6-cd6c-b628-76cbde7e69cd}"
EndProject
Project("{FAE04EC0-301F-11D3-BF4B-00C04F79EFBC}") = "Oculus.AudioManager", "Oculus.AudioManager.csproj", "{2ae3121e-a10b-80f6-9889-619b4a304c07}"
EndProject
Project("{FAE04EC0-301F-11D3-BF4B-00C04F79EFBC}") = "Oculus.LipSync", "Oculus.LipSync.csproj", "{4a836d85-8879-e759-f049-b6fb687d03e3}"
EndProject
Project("{FAE04EC0-301F-11D3-BF4B-00C04F79EFBC}") = "Oculus.Spatializer", "Oculus.Spatializer.csproj", "{fd6cb2d2-bc19-a5ab-303d-d96346499d23}"
EndProject
Project("{FAE04EC0-301F-11D3-BF4B-00C04F79EFBC}") = "Meta.VoiceSDK.Mic.Other", "Meta.VoiceSDK.Mic.Other.csproj", "{d2ec53cf-6c18-0b6b-c919-85ebbfa778e1}"
EndProject
Project("{FAE04EC0-301F-11D3-BF4B-00C04F79EFBC}") = "Meta.VoiceSDK.Mic.WebGL", "Meta.VoiceSDK.Mic.WebGL.csproj", "{0caa4c3d-0c01-65c9-1fc1-5e90ea599155}"
EndProject
Project("{FAE04EC0-301F-11D3-BF4B-00C04F79EFBC}") = "Meta.VoiceSDK.Mic.Common", "Meta.VoiceSDK.Mic.Common.csproj", "{dc067beb-8bdb-8bd7-bb23-ef190c950aff}"
EndProject
Project("{FAE04EC0-301F-11D3-BF4B-00C04F79EFBC}") = "Facebook.Wit.Dictation", "Facebook.Wit.Dictation.csproj", "{b787e696-6b43-b51a-46e2-3d0c87efea71}"
EndProject
Project("{FAE04EC0-301F-11D3-BF4B-00C04F79EFBC}") = "Meta.WitAi.TTS", "Meta.WitAi.TTS.csproj", "{277fdb5f-a3d2-2661-9972-88f08b83b646}"
EndProject
Project("{FAE04EC0-301F-11D3-BF4B-00C04F79EFBC}") = "Meta.WitAi.Editor", "Meta.WitAi.Editor.csproj", "{a758ed21-f46f-515b-6c67-d80ac3824f6d}"
EndProject
Project("{FAE04EC0-301F-11D3-BF4B-00C04F79EFBC}") = "Meta.WitAI.Lib.Editor", "Meta.WitAI.Lib.Editor.csproj", "{76189dff-93e1-f405-1421-87885d9d3c0a}"
EndProject
Project("{FAE04EC0-301F-11D3-BF4B-00C04F79EFBC}") = "Oculus.VR.Editor", "Oculus.VR.Editor.csproj", "{ab3cf25e-e41a-c49b-e0a2-062371b50561}"
EndProject
Project("{FAE04EC0-301F-11D3-BF4B-00C04F79EFBC}") = "Meta.WitAi.Conduit.Editor", "Meta.WitAi.Conduit.Editor.csproj", "{aba844cf-7553-24e5-ef28-1781c6a15904}"
EndProject
Project("{FAE04EC0-301F-11D3-BF4B-00C04F79EFBC}") = "Oculus.Interaction.Editor", "Oculus.Interaction.Editor.csproj", "{88742dbb-cc3b-f2e8-159b-4739f5f93269}"
EndProject
Project("{FAE04EC0-301F-11D3-BF4B-00C04F79EFBC}") = "Oculus.Interaction.OVR.Editor", "Oculus.Interaction.OVR.Editor.csproj", "{f98f1ab0-1773-61c8-7b84-71d4af2c14f7}"
EndProject
Project("{FAE04EC0-301F-11D3-BF4B-00C04F79EFBC}") = "Assembly-CSharp-Editor", "Assembly-CSharp-Editor.csproj", "{e6639e0f-7447-0a61-a4ec-e31ef43b1eb2}"
EndProject
Project("{FAE04EC0-301F-11D3-BF4B-00C04F79EFBC}") = "Oculus.VR.Scripts.Editor", "Oculus.VR.Scripts.Editor.csproj", "{218b0b49-972c-dfb6-3a0a-351d494812fb}"
EndProject
Project("{FAE04EC0-301F-11D3-BF4B-00C04F79EFBC}") = "Oculus.Spatializer.Editor", "Oculus.Spatializer.Editor.csproj", "{6eb69550-ceda-6aa4-e2a3-371cdd9fe397}"
EndProject
Project("{FAE04EC0-301F-11D3-BF4B-00C04F79EFBC}") = "Meta.WitAi.TTS.Editor", "Meta.WitAi.TTS.Editor.csproj", "{76107d14-520d-822f-b9d3-c8613af515a8}"
EndProject
Project("{FAE04EC0-301F-11D3-BF4B-00C04F79EFBC}") = "VoiceSDK.Dictation.Editor", "VoiceSDK.Dictation.Editor.csproj", "{a72046ad-49a4-0edc-badb-bef30d7aaabb}"
EndProject
Project("{FAE04EC0-301F-11D3-BF4B-00C04F79EFBC}") = "Oculus.Platform.Editor", "Oculus.Platform.Editor.csproj", "{7728249f-cba1-cb99-5adc-b0027ffd8625}"
EndProject
Project("{FAE04EC0-301F-11D3-BF4B-00C04F79EFBC}") = "VoiceSDK.Editor", "VoiceSDK.Editor.csproj", "{b980e958-91d1-bf3c-a48f-1052b36444a8}"
EndProject
Project("{FAE04EC0-301F-11D3-BF4B-00C04F79EFBC}") = "Oculus.AudioManager.Audio.Editor", "Oculus.AudioManager.Audio.Editor.csproj", "{1483d861-f263-1f1a-2304-a20f84da239d}"
EndProject
Project("{FAE04EC0-301F-11D3-BF4B-00C04F79EFBC}") = "Oculus.LipSync.Editor", "Oculus.LipSync.Editor.csproj", "{63df748a-b244-87f7-c354-0160492ef229}"
EndProject
Project("{FAE04EC0-301F-11D3-BF4B-00C04F79EFBC}") = "Oculus.AudioManager.Utils.Editor", "Oculus.AudioManager.Utils.Editor.csproj", "{0ca60780-4ce3-3f82-eef0-7c87bf3bd49e}"
EndProject
Project("{FAE04EC0-301F-11D3-BF4B-00C04F79EFBC}") = "Oculus.Interaction.Samples.Editor", "Oculus.Interaction.Samples.Editor.csproj", "{ff57ffad-8a90-491d-a327-3dd21f34f213}"
EndProject
Project("{FAE04EC0-301F-11D3-BF4B-00C04F79EFBC}") = "Facebook.Wit.Dictation.Editor", "Facebook.Wit.Dictation.Editor.csproj", "{dfff727f-695c-148e-df7a-386e80f9e8ad}"
EndProject
Project("{FAE04EC0-301F-11D3-BF4B-00C04F79EFBC}") = "Oculus.Interaction.InterfaceSupport", "Oculus.Interaction.InterfaceSupport.csproj", "{a7eed288-eb53-ce85-8f06-88e5f539c1e4}"
EndProject
Project("{FAE04EC0-301F-11D3-BF4B-00C04F79EFBC}") = "AssistantCoreSDKEditor", "AssistantCoreSDKEditor.csproj", "{f1222f66-25c0-7d0c-6006-18bca2fa661c}"
EndProject
Global
	GlobalSection(SolutionConfigurationPlatforms) = preSolution
		Debug|Any CPU = Debug|Any CPU
	EndGlobalSection
	GlobalSection(ProjectConfigurationPlatforms) = postSolution
		{389ba275-d57c-2e45-a76a-31a875977b96}.Debug|Any CPU.ActiveCfg = Debug|Any CPU
		{389ba275-d57c-2e45-a76a-31a875977b96}.Debug|Any CPU.Build.0 = Debug|Any CPU
		{c3b6c275-e2b2-c3bd-96d6-4140711a5766}.Debug|Any CPU.ActiveCfg = Debug|Any CPU
		{c3b6c275-e2b2-c3bd-96d6-4140711a5766}.Debug|Any CPU.Build.0 = Debug|Any CPU
		{9038d648-0a1f-793c-4fd8-e210bb312e77}.Debug|Any CPU.ActiveCfg = Debug|Any CPU
		{9038d648-0a1f-793c-4fd8-e210bb312e77}.Debug|Any CPU.Build.0 = Debug|Any CPU
		{48dfeb7f-e3ac-2e98-abe7-bdaa293fe87e}.Debug|Any CPU.ActiveCfg = Debug|Any CPU
		{48dfeb7f-e3ac-2e98-abe7-bdaa293fe87e}.Debug|Any CPU.Build.0 = Debug|Any CPU
		{5b61c87e-4efa-e9ed-7008-10edb9b3188f}.Debug|Any CPU.ActiveCfg = Debug|Any CPU
		{5b61c87e-4efa-e9ed-7008-10edb9b3188f}.Debug|Any CPU.Build.0 = Debug|Any CPU
		{18e0ae90-5b40-37cd-b62b-f68494c942c3}.Debug|Any CPU.ActiveCfg = Debug|Any CPU
		{18e0ae90-5b40-37cd-b62b-f68494c942c3}.Debug|Any CPU.Build.0 = Debug|Any CPU
		{1465b05f-90fc-c121-e3cd-61d04f71b3f7}.Debug|Any CPU.ActiveCfg = Debug|Any CPU
		{1465b05f-90fc-c121-e3cd-61d04f71b3f7}.Debug|Any CPU.Build.0 = Debug|Any CPU
		{27b331eb-e3b0-21b9-20bb-d35bacac6f6d}.Debug|Any CPU.ActiveCfg = Debug|Any CPU
		{27b331eb-e3b0-21b9-20bb-d35bacac6f6d}.Debug|Any CPU.Build.0 = Debug|Any CPU
		{90c06b8b-3947-e1f5-19c9-905a5dc6dec6}.Debug|Any CPU.ActiveCfg = Debug|Any CPU
		{90c06b8b-3947-e1f5-19c9-905a5dc6dec6}.Debug|Any CPU.Build.0 = Debug|Any CPU
		{cb750857-353d-c76c-a6b0-ac8632ff60b9}.Debug|Any CPU.ActiveCfg = Debug|Any CPU
		{cb750857-353d-c76c-a6b0-ac8632ff60b9}.Debug|Any CPU.Build.0 = Debug|Any CPU
		{945ad0a5-c82a-4107-7a02-a56dc00efb2c}.Debug|Any CPU.ActiveCfg = Debug|Any CPU
		{945ad0a5-c82a-4107-7a02-a56dc00efb2c}.Debug|Any CPU.Build.0 = Debug|Any CPU
		{b20096b5-a7e8-b9cc-90db-d86b02c1efa4}.Debug|Any CPU.ActiveCfg = Debug|Any CPU
		{b20096b5-a7e8-b9cc-90db-d86b02c1efa4}.Debug|Any CPU.Build.0 = Debug|Any CPU
		{de9b144b-ac1c-e06b-7bee-c46815a4c272}.Debug|Any CPU.ActiveCfg = Debug|Any CPU
		{de9b144b-ac1c-e06b-7bee-c46815a4c272}.Debug|Any CPU.Build.0 = Debug|Any CPU
		{005040ab-9ab6-cd6c-b628-76cbde7e69cd}.Debug|Any CPU.ActiveCfg = Debug|Any CPU
		{005040ab-9ab6-cd6c-b628-76cbde7e69cd}.Debug|Any CPU.Build.0 = Debug|Any CPU
		{2ae3121e-a10b-80f6-9889-619b4a304c07}.Debug|Any CPU.ActiveCfg = Debug|Any CPU
		{2ae3121e-a10b-80f6-9889-619b4a304c07}.Debug|Any CPU.Build.0 = Debug|Any CPU
		{4a836d85-8879-e759-f049-b6fb687d03e3}.Debug|Any CPU.ActiveCfg = Debug|Any CPU
		{4a836d85-8879-e759-f049-b6fb687d03e3}.Debug|Any CPU.Build.0 = Debug|Any CPU
		{fd6cb2d2-bc19-a5ab-303d-d96346499d23}.Debug|Any CPU.ActiveCfg = Debug|Any CPU
		{fd6cb2d2-bc19-a5ab-303d-d96346499d23}.Debug|Any CPU.Build.0 = Debug|Any CPU
		{d2ec53cf-6c18-0b6b-c919-85ebbfa778e1}.Debug|Any CPU.ActiveCfg = Debug|Any CPU
		{d2ec53cf-6c18-0b6b-c919-85ebbfa778e1}.Debug|Any CPU.Build.0 = Debug|Any CPU
		{0caa4c3d-0c01-65c9-1fc1-5e90ea599155}.Debug|Any CPU.ActiveCfg = Debug|Any CPU
		{0caa4c3d-0c01-65c9-1fc1-5e90ea599155}.Debug|Any CPU.Build.0 = Debug|Any CPU
		{dc067beb-8bdb-8bd7-bb23-ef190c950aff}.Debug|Any CPU.ActiveCfg = Debug|Any CPU
		{dc067beb-8bdb-8bd7-bb23-ef190c950aff}.Debug|Any CPU.Build.0 = Debug|Any CPU
		{b787e696-6b43-b51a-46e2-3d0c87efea71}.Debug|Any CPU.ActiveCfg = Debug|Any CPU
		{b787e696-6b43-b51a-46e2-3d0c87efea71}.Debug|Any CPU.Build.0 = Debug|Any CPU
		{277fdb5f-a3d2-2661-9972-88f08b83b646}.Debug|Any CPU.ActiveCfg = Debug|Any CPU
		{277fdb5f-a3d2-2661-9972-88f08b83b646}.Debug|Any CPU.Build.0 = Debug|Any CPU
		{a758ed21-f46f-515b-6c67-d80ac3824f6d}.Debug|Any CPU.ActiveCfg = Debug|Any CPU
		{a758ed21-f46f-515b-6c67-d80ac3824f6d}.Debug|Any CPU.Build.0 = Debug|Any CPU
		{76189dff-93e1-f405-1421-87885d9d3c0a}.Debug|Any CPU.ActiveCfg = Debug|Any CPU
		{76189dff-93e1-f405-1421-87885d9d3c0a}.Debug|Any CPU.Build.0 = Debug|Any CPU
		{ab3cf25e-e41a-c49b-e0a2-062371b50561}.Debug|Any CPU.ActiveCfg = Debug|Any CPU
		{ab3cf25e-e41a-c49b-e0a2-062371b50561}.Debug|Any CPU.Build.0 = Debug|Any CPU
		{aba844cf-7553-24e5-ef28-1781c6a15904}.Debug|Any CPU.ActiveCfg = Debug|Any CPU
		{aba844cf-7553-24e5-ef28-1781c6a15904}.Debug|Any CPU.Build.0 = Debug|Any CPU
		{88742dbb-cc3b-f2e8-159b-4739f5f93269}.Debug|Any CPU.ActiveCfg = Debug|Any CPU
		{88742dbb-cc3b-f2e8-159b-4739f5f93269}.Debug|Any CPU.Build.0 = Debug|Any CPU
		{f98f1ab0-1773-61c8-7b84-71d4af2c14f7}.Debug|Any CPU.ActiveCfg = Debug|Any CPU
		{f98f1ab0-1773-61c8-7b84-71d4af2c14f7}.Debug|Any CPU.Build.0 = Debug|Any CPU
		{e6639e0f-7447-0a61-a4ec-e31ef43b1eb2}.Debug|Any CPU.ActiveCfg = Debug|Any CPU
		{e6639e0f-7447-0a61-a4ec-e31ef43b1eb2}.Debug|Any CPU.Build.0 = Debug|Any CPU
		{218b0b49-972c-dfb6-3a0a-351d494812fb}.Debug|Any CPU.ActiveCfg = Debug|Any CPU
		{218b0b49-972c-dfb6-3a0a-351d494812fb}.Debug|Any CPU.Build.0 = Debug|Any CPU
		{6eb69550-ceda-6aa4-e2a3-371cdd9fe397}.Debug|Any CPU.ActiveCfg = Debug|Any CPU
		{6eb69550-ceda-6aa4-e2a3-371cdd9fe397}.Debug|Any CPU.Build.0 = Debug|Any CPU
		{76107d14-520d-822f-b9d3-c8613af515a8}.Debug|Any CPU.ActiveCfg = Debug|Any CPU
		{76107d14-520d-822f-b9d3-c8613af515a8}.Debug|Any CPU.Build.0 = Debug|Any CPU
		{a72046ad-49a4-0edc-badb-bef30d7aaabb}.Debug|Any CPU.ActiveCfg = Debug|Any CPU
		{a72046ad-49a4-0edc-badb-bef30d7aaabb}.Debug|Any CPU.Build.0 = Debug|Any CPU
		{7728249f-cba1-cb99-5adc-b0027ffd8625}.Debug|Any CPU.ActiveCfg = Debug|Any CPU
		{7728249f-cba1-cb99-5adc-b0027ffd8625}.Debug|Any CPU.Build.0 = Debug|Any CPU
		{b980e958-91d1-bf3c-a48f-1052b36444a8}.Debug|Any CPU.ActiveCfg = Debug|Any CPU
		{b980e958-91d1-bf3c-a48f-1052b36444a8}.Debug|Any CPU.Build.0 = Debug|Any CPU
		{1483d861-f263-1f1a-2304-a20f84da239d}.Debug|Any CPU.ActiveCfg = Debug|Any CPU
		{1483d861-f263-1f1a-2304-a20f84da239d}.Debug|Any CPU.Build.0 = Debug|Any CPU
		{63df748a-b244-87f7-c354-0160492ef229}.Debug|Any CPU.ActiveCfg = Debug|Any CPU
		{63df748a-b244-87f7-c354-0160492ef229}.Debug|Any CPU.Build.0 = Debug|Any CPU
		{0ca60780-4ce3-3f82-eef0-7c87bf3bd49e}.Debug|Any CPU.ActiveCfg = Debug|Any CPU
		{0ca60780-4ce3-3f82-eef0-7c87bf3bd49e}.Debug|Any CPU.Build.0 = Debug|Any CPU
		{ff57ffad-8a90-491d-a327-3dd21f34f213}.Debug|Any CPU.ActiveCfg = Debug|Any CPU
		{ff57ffad-8a90-491d-a327-3dd21f34f213}.Debug|Any CPU.Build.0 = Debug|Any CPU
		{dfff727f-695c-148e-df7a-386e80f9e8ad}.Debug|Any CPU.ActiveCfg = Debug|Any CPU
		{dfff727f-695c-148e-df7a-386e80f9e8ad}.Debug|Any CPU.Build.0 = Debug|Any CPU
		{a7eed288-eb53-ce85-8f06-88e5f539c1e4}.Debug|Any CPU.ActiveCfg = Debug|Any CPU
		{a7eed288-eb53-ce85-8f06-88e5f539c1e4}.Debug|Any CPU.Build.0 = Debug|Any CPU
		{f1222f66-25c0-7d0c-6006-18bca2fa661c}.Debug|Any CPU.ActiveCfg = Debug|Any CPU
		{f1222f66-25c0-7d0c-6006-18bca2fa661c}.Debug|Any CPU.Build.0 = Debug|Any CPU
	EndGlobalSection
	GlobalSection(SolutionProperties) = preSolution
		HideSolutionNode = FALSE
	EndGlobalSection
EndGlobal
