
Microsoft Visual Studio Solution File, Format Version 11.00
# Visual Studio 2010
Project("{FAE04EC0-301F-11D3-BF4B-00C04F79EFBC}") = "Oculus.Platform", "Oculus.Platform.csproj", "{1f6dc92f-876c-8ee5-212b-db702f443b52}"
EndProject
Project("{FAE04EC0-301F-11D3-BF4B-00C04F79EFBC}") = "Assembly-CSharp", "Assembly-CSharp.csproj", "{5b044d01-2cfc-4942-885b-8d37c9e8b335}"
EndProject
Project("{FAE04EC0-301F-11D3-BF4B-00C04F79EFBC}") = "Meta.WitAi", "Meta.WitAi.csproj", "{c9f9b8ad-8989-461c-0eb7-855b179ed529}"
EndProject
Project("{FAE04EC0-301F-11D3-BF4B-00C04F79EFBC}") = "Oculus.Interaction", "Oculus.Interaction.csproj", "{0a73d0f3-45b9-fca1-2d2d-1ca8a66111f8}"
EndProject
Project("{FAE04EC0-301F-11D3-BF4B-00C04F79EFBC}") = "Oculus.VR", "Oculus.VR.csproj", "{e82a05d5-b197-d9d3-b665-dcb83e94e1e0}"
EndProject
Project("{FAE04EC0-301F-11D3-BF4B-00C04F79EFBC}") = "VoiceSDK.Dictation.Runtime", "VoiceSDK.Dictation.Runtime.csproj", "{90d6a6df-3003-f7c7-6969-eece7263d515}"
EndProject
Project("{FAE04EC0-301F-11D3-BF4B-00C04F79EFBC}") = "Meta.WitAi.Lib", "Meta.WitAi.Lib.csproj", "{79f7826f-4887-0c80-0b94-dd483fdf4c6e}"
EndProject
Project("{FAE04EC0-301F-11D3-BF4B-00C04F79EFBC}") = "VoiceSDK.Runtime", "VoiceSDK.Runtime.csproj", "{341f8e10-90d6-a56a-10ea-07310663efa2}"
EndProject
Project("{FAE04EC0-301F-11D3-BF4B-00C04F79EFBC}") = "Oculus.Interaction.OVR.Samples", "Oculus.Interaction.OVR.Samples.csproj", "{496b7d0b-7de4-e328-198c-41e25c9dd39f}"
EndProject
Project("{FAE04EC0-301F-11D3-BF4B-00C04F79EFBC}") = "Meta.WitAi.TTS.Samples", "Meta.WitAi.TTS.Samples.csproj", "{580bd10c-ec7c-9cf7-0071-428a1665c68a}"
EndProject
Project("{FAE04EC0-301F-11D3-BF4B-00C04F79EFBC}") = "Oculus.Voice.Demo", "Oculus.Voice.Demo.csproj", "{3618e564-9772-5cec-1a41-29f2c4c7195a}"
EndProject
Project("{FAE04EC0-301F-11D3-BF4B-00C04F79EFBC}") = "Oculus.Interaction.OVR", "Oculus.Interaction.OVR.csproj", "{7181ce45-aa64-16cc-5034-f5dc29ab5e11}"
EndProject
Project("{FAE04EC0-301F-11D3-BF4B-00C04F79EFBC}") = "AssistantCoreSDKRuntime", "AssistantCoreSDKRuntime.csproj", "{e57e5df7-ad1e-7f0a-4c6f-e9b26f24e2a3}"
EndProject
Project("{FAE04EC0-301F-11D3-BF4B-00C04F79EFBC}") = "Meta.WitAi.Conduit", "Meta.WitAi.Conduit.csproj", "{ec81398d-af0d-407d-c5eb-b977c8c54cbd}"
EndProject
Project("{FAE04EC0-301F-11D3-BF4B-00C04F79EFBC}") = "Oculus.AudioManager", "Oculus.AudioManager.csproj", "{ce90b2fa-e463-954c-2f9e-ad6981109985}"
EndProject
Project("{FAE04EC0-301F-11D3-BF4B-00C04F79EFBC}") = "Oculus.LipSync", "Oculus.LipSync.csproj", "{9ef61307-6ec4-2aeb-6003-50405b86309a}"
EndProject
Project("{FAE04EC0-301F-11D3-BF4B-00C04F79EFBC}") = "Oculus.Spatializer", "Oculus.Spatializer.csproj", "{b000b79b-2f67-50d0-2d97-9d5956eb226d}"
EndProject
Project("{FAE04EC0-301F-11D3-BF4B-00C04F79EFBC}") = "Meta.VoiceSDK.Mic.Other", "Meta.VoiceSDK.Mic.Other.csproj", "{d0d5e925-1807-c6ae-300c-7edb4fc1708a}"
EndProject
Project("{FAE04EC0-301F-11D3-BF4B-00C04F79EFBC}") = "Meta.VoiceSDK.Mic.WebGL", "Meta.VoiceSDK.Mic.WebGL.csproj", "{16ddd52f-c4c4-23e2-8621-507149ad28b4}"
EndProject
Project("{FAE04EC0-301F-11D3-BF4B-00C04F79EFBC}") = "Meta.VoiceSDK.Mic.Common", "Meta.VoiceSDK.Mic.Common.csproj", "{fd9bd3b4-ed70-60af-08ac-52cef27920b1}"
EndProject
Project("{FAE04EC0-301F-11D3-BF4B-00C04F79EFBC}") = "Facebook.Wit.Dictation", "Facebook.Wit.Dictation.csproj", "{c51a0ebf-6abb-fd69-4a6f-4ca1e1ee2ead}"
EndProject
Project("{FAE04EC0-301F-11D3-BF4B-00C04F79EFBC}") = "Meta.WitAi.TTS", "Meta.WitAi.TTS.csproj", "{b97169c5-c1c7-20ec-15ae-062600d7a199}"
EndProject
Project("{FAE04EC0-301F-11D3-BF4B-00C04F79EFBC}") = "Meta.WitAi.Editor", "Meta.WitAi.Editor.csproj", "{233ecb37-3d1f-2fcc-49ca-37f99cd01e66}"
EndProject
Project("{FAE04EC0-301F-11D3-BF4B-00C04F79EFBC}") = "Meta.WitAI.Lib.Editor", "Meta.WitAI.Lib.Editor.csproj", "{3efb1f09-f877-d928-b83f-8708d46238d4}"
EndProject
Project("{FAE04EC0-301F-11D3-BF4B-00C04F79EFBC}") = "Oculus.VR.Editor", "Oculus.VR.Editor.csproj", "{3e537b38-8c60-9366-6cc2-5cb567ec6fce}"
EndProject
Project("{FAE04EC0-301F-11D3-BF4B-00C04F79EFBC}") = "Meta.WitAi.Conduit.Editor", "Meta.WitAi.Conduit.Editor.csproj", "{fe6d2f5c-a0ac-4f9f-3f7d-b4fd903909e3}"
EndProject
Project("{FAE04EC0-301F-11D3-BF4B-00C04F79EFBC}") = "Oculus.Interaction.Editor", "Oculus.Interaction.Editor.csproj", "{3e7df69c-e6f5-1f3c-9450-f4f37ed8803f}"
EndProject
Project("{FAE04EC0-301F-11D3-BF4B-00C04F79EFBC}") = "Oculus.Interaction.OVR.Editor", "Oculus.Interaction.OVR.Editor.csproj", "{f2c67b4a-7289-5d54-2809-80d1f14fc32f}"
EndProject
Project("{FAE04EC0-301F-11D3-BF4B-00C04F79EFBC}") = "Assembly-CSharp-Editor", "Assembly-CSharp-Editor.csproj", "{343421a9-2fae-82d2-c3a2-dc35f48c588b}"
EndProject
Project("{FAE04EC0-301F-11D3-BF4B-00C04F79EFBC}") = "Oculus.VR.Scripts.Editor", "Oculus.VR.Scripts.Editor.csproj", "{e76ca186-f0dd-baab-b702-6e9217f13c0a}"
EndProject
Project("{FAE04EC0-301F-11D3-BF4B-00C04F79EFBC}") = "Oculus.Spatializer.Editor", "Oculus.Spatializer.Editor.csproj", "{cb2866e1-d9a3-2c77-f2fe-744be3d7bd54}"
EndProject
Project("{FAE04EC0-301F-11D3-BF4B-00C04F79EFBC}") = "Meta.WitAi.TTS.Editor", "Meta.WitAi.TTS.Editor.csproj", "{d0581f13-a53b-0076-dc78-594d063ca07d}"
EndProject
Project("{FAE04EC0-301F-11D3-BF4B-00C04F79EFBC}") = "VoiceSDK.Dictation.Editor", "VoiceSDK.Dictation.Editor.csproj", "{1c1717fa-efbc-1cda-f8d6-818608f32854}"
EndProject
Project("{FAE04EC0-301F-11D3-BF4B-00C04F79EFBC}") = "Oculus.Platform.Editor", "Oculus.Platform.Editor.csproj", "{ec19b1a7-ff66-b245-c819-a0ae6d465092}"
EndProject
Project("{FAE04EC0-301F-11D3-BF4B-00C04F79EFBC}") = "VoiceSDK.Editor", "VoiceSDK.Editor.csproj", "{80c015b1-6707-ed80-f41b-38c6db1c9b62}"
EndProject
Project("{FAE04EC0-301F-11D3-BF4B-00C04F79EFBC}") = "Oculus.AudioManager.Audio.Editor", "Oculus.AudioManager.Audio.Editor.csproj", "{ba59640b-fde4-f55c-6cda-a59aa03ba213}"
EndProject
Project("{FAE04EC0-301F-11D3-BF4B-00C04F79EFBC}") = "Oculus.LipSync.Editor", "Oculus.LipSync.Editor.csproj", "{b3d3f2e4-3b82-f4e2-5e46-57cb1d7b0502}"
EndProject
Project("{FAE04EC0-301F-11D3-BF4B-00C04F79EFBC}") = "Oculus.AudioManager.Utils.Editor", "Oculus.AudioManager.Utils.Editor.csproj", "{3bb4a19b-dd86-bf54-5f62-b4d4c5564ff0}"
EndProject
Project("{FAE04EC0-301F-11D3-BF4B-00C04F79EFBC}") = "Oculus.Interaction.Samples.Editor", "Oculus.Interaction.Samples.Editor.csproj", "{6931ec18-8b3a-29f7-9599-88542ae23bbc}"
EndProject
Project("{FAE04EC0-301F-11D3-BF4B-00C04F79EFBC}") = "Facebook.Wit.Dictation.Editor", "Facebook.Wit.Dictation.Editor.csproj", "{9c9e2f4a-c63d-3f82-c2a9-d80accb0fcc9}"
EndProject
Project("{FAE04EC0-301F-11D3-BF4B-00C04F79EFBC}") = "Oculus.Interaction.InterfaceSupport", "Oculus.Interaction.InterfaceSupport.csproj", "{1483c4bf-05fa-3b7b-3a6e-758b705a4969}"
EndProject
Project("{FAE04EC0-301F-11D3-BF4B-00C04F79EFBC}") = "AssistantCoreSDKEditor", "AssistantCoreSDKEditor.csproj", "{cf0d243d-deaa-9083-7ab9-9b9ca65f5f31}"
EndProject
Global
	GlobalSection(SolutionConfigurationPlatforms) = preSolution
		Debug|Any CPU = Debug|Any CPU
	EndGlobalSection
	GlobalSection(ProjectConfigurationPlatforms) = postSolution
		{1f6dc92f-876c-8ee5-212b-db702f443b52}.Debug|Any CPU.ActiveCfg = Debug|Any CPU
		{1f6dc92f-876c-8ee5-212b-db702f443b52}.Debug|Any CPU.Build.0 = Debug|Any CPU
		{5b044d01-2cfc-4942-885b-8d37c9e8b335}.Debug|Any CPU.ActiveCfg = Debug|Any CPU
		{5b044d01-2cfc-4942-885b-8d37c9e8b335}.Debug|Any CPU.Build.0 = Debug|Any CPU
		{c9f9b8ad-8989-461c-0eb7-855b179ed529}.Debug|Any CPU.ActiveCfg = Debug|Any CPU
		{c9f9b8ad-8989-461c-0eb7-855b179ed529}.Debug|Any CPU.Build.0 = Debug|Any CPU
		{0a73d0f3-45b9-fca1-2d2d-1ca8a66111f8}.Debug|Any CPU.ActiveCfg = Debug|Any CPU
		{0a73d0f3-45b9-fca1-2d2d-1ca8a66111f8}.Debug|Any CPU.Build.0 = Debug|Any CPU
		{e82a05d5-b197-d9d3-b665-dcb83e94e1e0}.Debug|Any CPU.ActiveCfg = Debug|Any CPU
		{e82a05d5-b197-d9d3-b665-dcb83e94e1e0}.Debug|Any CPU.Build.0 = Debug|Any CPU
		{90d6a6df-3003-f7c7-6969-eece7263d515}.Debug|Any CPU.ActiveCfg = Debug|Any CPU
		{90d6a6df-3003-f7c7-6969-eece7263d515}.Debug|Any CPU.Build.0 = Debug|Any CPU
		{79f7826f-4887-0c80-0b94-dd483fdf4c6e}.Debug|Any CPU.ActiveCfg = Debug|Any CPU
		{79f7826f-4887-0c80-0b94-dd483fdf4c6e}.Debug|Any CPU.Build.0 = Debug|Any CPU
		{341f8e10-90d6-a56a-10ea-07310663efa2}.Debug|Any CPU.ActiveCfg = Debug|Any CPU
		{341f8e10-90d6-a56a-10ea-07310663efa2}.Debug|Any CPU.Build.0 = Debug|Any CPU
		{496b7d0b-7de4-e328-198c-41e25c9dd39f}.Debug|Any CPU.ActiveCfg = Debug|Any CPU
		{496b7d0b-7de4-e328-198c-41e25c9dd39f}.Debug|Any CPU.Build.0 = Debug|Any CPU
		{580bd10c-ec7c-9cf7-0071-428a1665c68a}.Debug|Any CPU.ActiveCfg = Debug|Any CPU
		{580bd10c-ec7c-9cf7-0071-428a1665c68a}.Debug|Any CPU.Build.0 = Debug|Any CPU
		{3618e564-9772-5cec-1a41-29f2c4c7195a}.Debug|Any CPU.ActiveCfg = Debug|Any CPU
		{3618e564-9772-5cec-1a41-29f2c4c7195a}.Debug|Any CPU.Build.0 = Debug|Any CPU
		{7181ce45-aa64-16cc-5034-f5dc29ab5e11}.Debug|Any CPU.ActiveCfg = Debug|Any CPU
		{7181ce45-aa64-16cc-5034-f5dc29ab5e11}.Debug|Any CPU.Build.0 = Debug|Any CPU
		{e57e5df7-ad1e-7f0a-4c6f-e9b26f24e2a3}.Debug|Any CPU.ActiveCfg = Debug|Any CPU
		{e57e5df7-ad1e-7f0a-4c6f-e9b26f24e2a3}.Debug|Any CPU.Build.0 = Debug|Any CPU
		{ec81398d-af0d-407d-c5eb-b977c8c54cbd}.Debug|Any CPU.ActiveCfg = Debug|Any CPU
		{ec81398d-af0d-407d-c5eb-b977c8c54cbd}.Debug|Any CPU.Build.0 = Debug|Any CPU
		{ce90b2fa-e463-954c-2f9e-ad6981109985}.Debug|Any CPU.ActiveCfg = Debug|Any CPU
		{ce90b2fa-e463-954c-2f9e-ad6981109985}.Debug|Any CPU.Build.0 = Debug|Any CPU
		{9ef61307-6ec4-2aeb-6003-50405b86309a}.Debug|Any CPU.ActiveCfg = Debug|Any CPU
		{9ef61307-6ec4-2aeb-6003-50405b86309a}.Debug|Any CPU.Build.0 = Debug|Any CPU
		{b000b79b-2f67-50d0-2d97-9d5956eb226d}.Debug|Any CPU.ActiveCfg = Debug|Any CPU
		{b000b79b-2f67-50d0-2d97-9d5956eb226d}.Debug|Any CPU.Build.0 = Debug|Any CPU
		{d0d5e925-1807-c6ae-300c-7edb4fc1708a}.Debug|Any CPU.ActiveCfg = Debug|Any CPU
		{d0d5e925-1807-c6ae-300c-7edb4fc1708a}.Debug|Any CPU.Build.0 = Debug|Any CPU
		{16ddd52f-c4c4-23e2-8621-507149ad28b4}.Debug|Any CPU.ActiveCfg = Debug|Any CPU
		{16ddd52f-c4c4-23e2-8621-507149ad28b4}.Debug|Any CPU.Build.0 = Debug|Any CPU
		{fd9bd3b4-ed70-60af-08ac-52cef27920b1}.Debug|Any CPU.ActiveCfg = Debug|Any CPU
		{fd9bd3b4-ed70-60af-08ac-52cef27920b1}.Debug|Any CPU.Build.0 = Debug|Any CPU
		{c51a0ebf-6abb-fd69-4a6f-4ca1e1ee2ead}.Debug|Any CPU.ActiveCfg = Debug|Any CPU
		{c51a0ebf-6abb-fd69-4a6f-4ca1e1ee2ead}.Debug|Any CPU.Build.0 = Debug|Any CPU
		{b97169c5-c1c7-20ec-15ae-062600d7a199}.Debug|Any CPU.ActiveCfg = Debug|Any CPU
		{b97169c5-c1c7-20ec-15ae-062600d7a199}.Debug|Any CPU.Build.0 = Debug|Any CPU
		{233ecb37-3d1f-2fcc-49ca-37f99cd01e66}.Debug|Any CPU.ActiveCfg = Debug|Any CPU
		{233ecb37-3d1f-2fcc-49ca-37f99cd01e66}.Debug|Any CPU.Build.0 = Debug|Any CPU
		{3efb1f09-f877-d928-b83f-8708d46238d4}.Debug|Any CPU.ActiveCfg = Debug|Any CPU
		{3efb1f09-f877-d928-b83f-8708d46238d4}.Debug|Any CPU.Build.0 = Debug|Any CPU
		{3e537b38-8c60-9366-6cc2-5cb567ec6fce}.Debug|Any CPU.ActiveCfg = Debug|Any CPU
		{3e537b38-8c60-9366-6cc2-5cb567ec6fce}.Debug|Any CPU.Build.0 = Debug|Any CPU
		{fe6d2f5c-a0ac-4f9f-3f7d-b4fd903909e3}.Debug|Any CPU.ActiveCfg = Debug|Any CPU
		{fe6d2f5c-a0ac-4f9f-3f7d-b4fd903909e3}.Debug|Any CPU.Build.0 = Debug|Any CPU
		{3e7df69c-e6f5-1f3c-9450-f4f37ed8803f}.Debug|Any CPU.ActiveCfg = Debug|Any CPU
		{3e7df69c-e6f5-1f3c-9450-f4f37ed8803f}.Debug|Any CPU.Build.0 = Debug|Any CPU
		{f2c67b4a-7289-5d54-2809-80d1f14fc32f}.Debug|Any CPU.ActiveCfg = Debug|Any CPU
		{f2c67b4a-7289-5d54-2809-80d1f14fc32f}.Debug|Any CPU.Build.0 = Debug|Any CPU
		{343421a9-2fae-82d2-c3a2-dc35f48c588b}.Debug|Any CPU.ActiveCfg = Debug|Any CPU
		{343421a9-2fae-82d2-c3a2-dc35f48c588b}.Debug|Any CPU.Build.0 = Debug|Any CPU
		{e76ca186-f0dd-baab-b702-6e9217f13c0a}.Debug|Any CPU.ActiveCfg = Debug|Any CPU
		{e76ca186-f0dd-baab-b702-6e9217f13c0a}.Debug|Any CPU.Build.0 = Debug|Any CPU
		{cb2866e1-d9a3-2c77-f2fe-744be3d7bd54}.Debug|Any CPU.ActiveCfg = Debug|Any CPU
		{cb2866e1-d9a3-2c77-f2fe-744be3d7bd54}.Debug|Any CPU.Build.0 = Debug|Any CPU
		{d0581f13-a53b-0076-dc78-594d063ca07d}.Debug|Any CPU.ActiveCfg = Debug|Any CPU
		{d0581f13-a53b-0076-dc78-594d063ca07d}.Debug|Any CPU.Build.0 = Debug|Any CPU
		{1c1717fa-efbc-1cda-f8d6-818608f32854}.Debug|Any CPU.ActiveCfg = Debug|Any CPU
		{1c1717fa-efbc-1cda-f8d6-818608f32854}.Debug|Any CPU.Build.0 = Debug|Any CPU
		{ec19b1a7-ff66-b245-c819-a0ae6d465092}.Debug|Any CPU.ActiveCfg = Debug|Any CPU
		{ec19b1a7-ff66-b245-c819-a0ae6d465092}.Debug|Any CPU.Build.0 = Debug|Any CPU
		{80c015b1-6707-ed80-f41b-38c6db1c9b62}.Debug|Any CPU.ActiveCfg = Debug|Any CPU
		{80c015b1-6707-ed80-f41b-38c6db1c9b62}.Debug|Any CPU.Build.0 = Debug|Any CPU
		{ba59640b-fde4-f55c-6cda-a59aa03ba213}.Debug|Any CPU.ActiveCfg = Debug|Any CPU
		{ba59640b-fde4-f55c-6cda-a59aa03ba213}.Debug|Any CPU.Build.0 = Debug|Any CPU
		{b3d3f2e4-3b82-f4e2-5e46-57cb1d7b0502}.Debug|Any CPU.ActiveCfg = Debug|Any CPU
		{b3d3f2e4-3b82-f4e2-5e46-57cb1d7b0502}.Debug|Any CPU.Build.0 = Debug|Any CPU
		{3bb4a19b-dd86-bf54-5f62-b4d4c5564ff0}.Debug|Any CPU.ActiveCfg = Debug|Any CPU
		{3bb4a19b-dd86-bf54-5f62-b4d4c5564ff0}.Debug|Any CPU.Build.0 = Debug|Any CPU
		{6931ec18-8b3a-29f7-9599-88542ae23bbc}.Debug|Any CPU.ActiveCfg = Debug|Any CPU
		{6931ec18-8b3a-29f7-9599-88542ae23bbc}.Debug|Any CPU.Build.0 = Debug|Any CPU
		{9c9e2f4a-c63d-3f82-c2a9-d80accb0fcc9}.Debug|Any CPU.ActiveCfg = Debug|Any CPU
		{9c9e2f4a-c63d-3f82-c2a9-d80accb0fcc9}.Debug|Any CPU.Build.0 = Debug|Any CPU
		{1483c4bf-05fa-3b7b-3a6e-758b705a4969}.Debug|Any CPU.ActiveCfg = Debug|Any CPU
		{1483c4bf-05fa-3b7b-3a6e-758b705a4969}.Debug|Any CPU.Build.0 = Debug|Any CPU
		{cf0d243d-deaa-9083-7ab9-9b9ca65f5f31}.Debug|Any CPU.ActiveCfg = Debug|Any CPU
		{cf0d243d-deaa-9083-7ab9-9b9ca65f5f31}.Debug|Any CPU.Build.0 = Debug|Any CPU
	EndGlobalSection
	GlobalSection(SolutionProperties) = preSolution
		HideSolutionNode = FALSE
	EndGlobalSection
EndGlobal
