
Microsoft Visual Studio Solution File, Format Version 12.00
# Visual Studio 15
Project("{FAE04EC0-301F-11D3-BF4B-00C04F79EFBC}") = "Oculus.Platform", "Oculus.Platform.csproj", "{75A29B38-7CD5-452E-A76A-31A875977B96}"
EndProject
Project("{FAE04EC0-301F-11D3-BF4B-00C04F79EFBC}") = "Assembly-CSharp", "Assembly-CSharp.csproj", "{75C2B6C3-B2E2-BDC3-96D6-4140711A5766}"
EndProject
Project("{FAE04EC0-301F-11D3-BF4B-00C04F79EFBC}") = "Meta.WitAi", "Meta.WitAi.csproj", "{48D63890-1F0A-3C79-4FD8-E210BB312E77}"
EndProject
Project("{FAE04EC0-301F-11D3-BF4B-00C04F79EFBC}") = "Oculus.Interaction", "Oculus.Interaction.csproj", "{7FEBDF48-ACE3-982E-ABE7-BDAA293FE87E}"
EndProject
Project("{FAE04EC0-301F-11D3-BF4B-00C04F79EFBC}") = "Oculus.VR", "Oculus.VR.csproj", "{7EC8615B-FA4E-EDE9-7008-10EDB9B3188F}"
EndProject
Project("{FAE04EC0-301F-11D3-BF4B-00C04F79EFBC}") = "VoiceSDK.Dictation.Runtime", "VoiceSDK.Dictation.Runtime.csproj", "{90AEE018-405B-CD37-B62B-F68494C942C3}"
EndProject
Project("{FAE04EC0-301F-11D3-BF4B-00C04F79EFBC}") = "Meta.WitAi.Lib", "Meta.WitAi.Lib.csproj", "{5FB06514-FC90-21C1-E3CD-61D04F71B3F7}"
EndProject
Project("{FAE04EC0-301F-11D3-BF4B-00C04F79EFBC}") = "VoiceSDK.Runtime", "VoiceSDK.Runtime.csproj", "{EB31B327-B0E3-B921-20BB-D35BACAC6F6D}"
EndProject
Project("{FAE04EC0-301F-11D3-BF4B-00C04F79EFBC}") = "Oculus.Interaction.OVR.Samples", "Oculus.Interaction.OVR.Samples.csproj", "{8B6BC090-4739-F5E1-19C9-905A5DC6DEC6}"
EndProject
Project("{FAE04EC0-301F-11D3-BF4B-00C04F79EFBC}") = "Meta.WitAi.TTS.Samples", "Meta.WitAi.TTS.Samples.csproj", "{570875CB-3D35-6CC7-A6B0-AC8632FF60B9}"
EndProject
Project("{FAE04EC0-301F-11D3-BF4B-00C04F79EFBC}") = "Oculus.Voice.Demo", "Oculus.Voice.Demo.csproj", "{A5D05A94-2AC8-0741-7A02-A56DC00EFB2C}"
EndProject
Project("{FAE04EC0-301F-11D3-BF4B-00C04F79EFBC}") = "Oculus.Interaction.OVR", "Oculus.Interaction.OVR.csproj", "{B59600B2-E8A7-CCB9-90DB-D86B02C1EFA4}"
EndProject
Project("{FAE04EC0-301F-11D3-BF4B-00C04F79EFBC}") = "AssistantCoreSDKRuntime", "AssistantCoreSDKRuntime.csproj", "{4B149BDE-1CAC-6BE0-7BEE-C46815A4C272}"
EndProject
Project("{FAE04EC0-301F-11D3-BF4B-00C04F79EFBC}") = "Meta.WitAi.Conduit", "Meta.WitAi.Conduit.csproj", "{AB405000-B69A-6CCD-B628-76CBDE7E69CD}"
EndProject
Project("{FAE04EC0-301F-11D3-BF4B-00C04F79EFBC}") = "Oculus.AudioManager", "Oculus.AudioManager.csproj", "{1E12E32A-0BA1-F680-9889-619B4A304C07}"
EndProject
Project("{FAE04EC0-301F-11D3-BF4B-00C04F79EFBC}") = "Oculus.LipSync", "Oculus.LipSync.csproj", "{856D834A-7988-59E7-F049-B6FB687D03E3}"
EndProject
Project("{FAE04EC0-301F-11D3-BF4B-00C04F79EFBC}") = "Oculus.Spatializer", "Oculus.Spatializer.csproj", "{D2B26CFD-19BC-ABA5-303D-D96346499D23}"
EndProject
Project("{FAE04EC0-301F-11D3-BF4B-00C04F79EFBC}") = "Meta.VoiceSDK.Mic.Other", "Meta.VoiceSDK.Mic.Other.csproj", "{CF53ECD2-186C-6B0B-C919-85EBBFA778E1}"
EndProject
Project("{FAE04EC0-301F-11D3-BF4B-00C04F79EFBC}") = "Meta.VoiceSDK.Mic.WebGL", "Meta.VoiceSDK.Mic.WebGL.csproj", "{3D4CAA0C-010C-C965-1FC1-5E90EA599155}"
EndProject
Project("{FAE04EC0-301F-11D3-BF4B-00C04F79EFBC}") = "Meta.VoiceSDK.Mic.Common", "Meta.VoiceSDK.Mic.Common.csproj", "{EB7B06DC-DB8B-D78B-BB23-EF190C950AFF}"
EndProject
Project("{FAE04EC0-301F-11D3-BF4B-00C04F79EFBC}") = "Facebook.Wit.Dictation", "Facebook.Wit.Dictation.csproj", "{96E687B7-436B-1AB5-46E2-3D0C87EFEA71}"
EndProject
Project("{FAE04EC0-301F-11D3-BF4B-00C04F79EFBC}") = "Meta.WitAi.TTS", "Meta.WitAi.TTS.csproj", "{5FDB7F27-D2A3-6126-9972-88F08B83B646}"
EndProject
Project("{FAE04EC0-301F-11D3-BF4B-00C04F79EFBC}") = "Meta.WitAi.Editor", "Meta.WitAi.Editor.csproj", "{21ED58A7-6FF4-5B51-6C67-D80AC3824F6D}"
EndProject
Project("{FAE04EC0-301F-11D3-BF4B-00C04F79EFBC}") = "Meta.WitAI.Lib.Editor", "Meta.WitAI.Lib.Editor.csproj", "{FF9D1876-E193-05F4-1421-87885D9D3C0A}"
EndProject
Project("{FAE04EC0-301F-11D3-BF4B-00C04F79EFBC}") = "Oculus.VR.Editor", "Oculus.VR.Editor.csproj", "{5EF23CAB-1AE4-9BC4-E0A2-062371B50561}"
EndProject
Project("{FAE04EC0-301F-11D3-BF4B-00C04F79EFBC}") = "Assembly-CSharp-Editor", "Assembly-CSharp-Editor.csproj", "{0F9E63E6-4774-610A-A4EC-E31EF43B1EB2}"
EndProject
Project("{FAE04EC0-301F-11D3-BF4B-00C04F79EFBC}") = "Meta.WitAi.Conduit.Editor", "Meta.WitAi.Conduit.Editor.csproj", "{CF44A8AB-5375-E524-EF28-1781C6A15904}"
EndProject
Project("{FAE04EC0-301F-11D3-BF4B-00C04F79EFBC}") = "Oculus.Interaction.Editor", "Oculus.Interaction.Editor.csproj", "{BB2D7488-3BCC-E8F2-159B-4739F5F93269}"
EndProject
Project("{FAE04EC0-301F-11D3-BF4B-00C04F79EFBC}") = "Oculus.Interaction.OVR.Editor", "Oculus.Interaction.OVR.Editor.csproj", "{B01A8FF9-7317-C861-7B84-71D4AF2C14F7}"
EndProject
Project("{FAE04EC0-301F-11D3-BF4B-00C04F79EFBC}") = "Oculus.VR.Scripts.Editor", "Oculus.VR.Scripts.Editor.csproj", "{490B8B21-2C97-B6DF-3A0A-351D494812FB}"
EndProject
Project("{FAE04EC0-301F-11D3-BF4B-00C04F79EFBC}") = "Oculus.Spatializer.Editor", "Oculus.Spatializer.Editor.csproj", "{5095B66E-DACE-A46A-E2A3-371CDD9FE397}"
EndProject
Project("{FAE04EC0-301F-11D3-BF4B-00C04F79EFBC}") = "Meta.WitAi.TTS.Editor", "Meta.WitAi.TTS.Editor.csproj", "{147D1076-0D52-2F82-B9D3-C8613AF515A8}"
EndProject
Project("{FAE04EC0-301F-11D3-BF4B-00C04F79EFBC}") = "VoiceSDK.Dictation.Editor", "VoiceSDK.Dictation.Editor.csproj", "{AD4620A7-A449-DC0E-BADB-BEF30D7AAABB}"
EndProject
Project("{FAE04EC0-301F-11D3-BF4B-00C04F79EFBC}") = "Oculus.Platform.Editor", "Oculus.Platform.Editor.csproj", "{9F242877-A1CB-99CB-5ADC-B0027FFD8625}"
EndProject
Project("{FAE04EC0-301F-11D3-BF4B-00C04F79EFBC}") = "VoiceSDK.Editor", "VoiceSDK.Editor.csproj", "{58E980B9-D191-3CBF-A48F-1052B36444A8}"
EndProject
Project("{FAE04EC0-301F-11D3-BF4B-00C04F79EFBC}") = "Oculus.AudioManager.Audio.Editor", "Oculus.AudioManager.Audio.Editor.csproj", "{61D88314-63F2-1A1F-2304-A20F84DA239D}"
EndProject
Project("{FAE04EC0-301F-11D3-BF4B-00C04F79EFBC}") = "Oculus.LipSync.Editor", "Oculus.LipSync.Editor.csproj", "{8A74DF63-44B2-F787-C354-0160492EF229}"
EndProject
Project("{FAE04EC0-301F-11D3-BF4B-00C04F79EFBC}") = "Oculus.AudioManager.Utils.Editor", "Oculus.AudioManager.Utils.Editor.csproj", "{8007A60C-E34C-823F-EEF0-7C87BF3BD49E}"
EndProject
Project("{FAE04EC0-301F-11D3-BF4B-00C04F79EFBC}") = "Oculus.Interaction.Samples.Editor", "Oculus.Interaction.Samples.Editor.csproj", "{ADFF57FF-908A-1D49-A327-3DD21F34F213}"
EndProject
Project("{FAE04EC0-301F-11D3-BF4B-00C04F79EFBC}") = "Facebook.Wit.Dictation.Editor", "Facebook.Wit.Dictation.Editor.csproj", "{7F72FFDF-5C69-8E14-DF7A-386E80F9E8AD}"
EndProject
Project("{FAE04EC0-301F-11D3-BF4B-00C04F79EFBC}") = "Oculus.Interaction.InterfaceSupport", "Oculus.Interaction.InterfaceSupport.csproj", "{88D2EEA7-53EB-85CE-8F06-88E5F539C1E4}"
EndProject
Project("{FAE04EC0-301F-11D3-BF4B-00C04F79EFBC}") = "AssistantCoreSDKEditor", "AssistantCoreSDKEditor.csproj", "{662F22F1-C025-0C7D-6006-18BCA2FA661C}"
EndProject
Global
	GlobalSection(SolutionConfigurationPlatforms) = preSolution
		Debug|Any CPU = Debug|Any CPU
		Release|Any CPU = Release|Any CPU
	EndGlobalSection
	GlobalSection(ProjectConfigurationPlatforms) = postSolution
		{75A29B38-7CD5-452E-A76A-31A875977B96}.Debug|Any CPU.ActiveCfg = Debug|Any CPU
		{75A29B38-7CD5-452E-A76A-31A875977B96}.Debug|Any CPU.Build.0 = Debug|Any CPU
		{75A29B38-7CD5-452E-A76A-31A875977B96}.Release|Any CPU.ActiveCfg = Release|Any CPU
		{75A29B38-7CD5-452E-A76A-31A875977B96}.Release|Any CPU.Build.0 = Release|Any CPU
		{75C2B6C3-B2E2-BDC3-96D6-4140711A5766}.Debug|Any CPU.ActiveCfg = Debug|Any CPU
		{75C2B6C3-B2E2-BDC3-96D6-4140711A5766}.Debug|Any CPU.Build.0 = Debug|Any CPU
		{75C2B6C3-B2E2-BDC3-96D6-4140711A5766}.Release|Any CPU.ActiveCfg = Release|Any CPU
		{75C2B6C3-B2E2-BDC3-96D6-4140711A5766}.Release|Any CPU.Build.0 = Release|Any CPU
		{48D63890-1F0A-3C79-4FD8-E210BB312E77}.Debug|Any CPU.ActiveCfg = Debug|Any CPU
		{48D63890-1F0A-3C79-4FD8-E210BB312E77}.Debug|Any CPU.Build.0 = Debug|Any CPU
		{48D63890-1F0A-3C79-4FD8-E210BB312E77}.Release|Any CPU.ActiveCfg = Release|Any CPU
		{48D63890-1F0A-3C79-4FD8-E210BB312E77}.Release|Any CPU.Build.0 = Release|Any CPU
		{7FEBDF48-ACE3-982E-ABE7-BDAA293FE87E}.Debug|Any CPU.ActiveCfg = Debug|Any CPU
		{7FEBDF48-ACE3-982E-ABE7-BDAA293FE87E}.Debug|Any CPU.Build.0 = Debug|Any CPU
		{7FEBDF48-ACE3-982E-ABE7-BDAA293FE87E}.Release|Any CPU.ActiveCfg = Release|Any CPU
		{7FEBDF48-ACE3-982E-ABE7-BDAA293FE87E}.Release|Any CPU.Build.0 = Release|Any CPU
		{7EC8615B-FA4E-EDE9-7008-10EDB9B3188F}.Debug|Any CPU.ActiveCfg = Debug|Any CPU
		{7EC8615B-FA4E-EDE9-7008-10EDB9B3188F}.Debug|Any CPU.Build.0 = Debug|Any CPU
		{7EC8615B-FA4E-EDE9-7008-10EDB9B3188F}.Release|Any CPU.ActiveCfg = Release|Any CPU
		{7EC8615B-FA4E-EDE9-7008-10EDB9B3188F}.Release|Any CPU.Build.0 = Release|Any CPU
		{90AEE018-405B-CD37-B62B-F68494C942C3}.Debug|Any CPU.ActiveCfg = Debug|Any CPU
		{90AEE018-405B-CD37-B62B-F68494C942C3}.Debug|Any CPU.Build.0 = Debug|Any CPU
		{90AEE018-405B-CD37-B62B-F68494C942C3}.Release|Any CPU.ActiveCfg = Release|Any CPU
		{90AEE018-405B-CD37-B62B-F68494C942C3}.Release|Any CPU.Build.0 = Release|Any CPU
		{5FB06514-FC90-21C1-E3CD-61D04F71B3F7}.Debug|Any CPU.ActiveCfg = Debug|Any CPU
		{5FB06514-FC90-21C1-E3CD-61D04F71B3F7}.Debug|Any CPU.Build.0 = Debug|Any CPU
		{5FB06514-FC90-21C1-E3CD-61D04F71B3F7}.Release|Any CPU.ActiveCfg = Release|Any CPU
		{5FB06514-FC90-21C1-E3CD-61D04F71B3F7}.Release|Any CPU.Build.0 = Release|Any CPU
		{EB31B327-B0E3-B921-20BB-D35BACAC6F6D}.Debug|Any CPU.ActiveCfg = Debug|Any CPU
		{EB31B327-B0E3-B921-20BB-D35BACAC6F6D}.Debug|Any CPU.Build.0 = Debug|Any CPU
		{EB31B327-B0E3-B921-20BB-D35BACAC6F6D}.Release|Any CPU.ActiveCfg = Release|Any CPU
		{EB31B327-B0E3-B921-20BB-D35BACAC6F6D}.Release|Any CPU.Build.0 = Release|Any CPU
		{8B6BC090-4739-F5E1-19C9-905A5DC6DEC6}.Debug|Any CPU.ActiveCfg = Debug|Any CPU
		{8B6BC090-4739-F5E1-19C9-905A5DC6DEC6}.Debug|Any CPU.Build.0 = Debug|Any CPU
		{8B6BC090-4739-F5E1-19C9-905A5DC6DEC6}.Release|Any CPU.ActiveCfg = Release|Any CPU
		{8B6BC090-4739-F5E1-19C9-905A5DC6DEC6}.Release|Any CPU.Build.0 = Release|Any CPU
		{570875CB-3D35-6CC7-A6B0-AC8632FF60B9}.Debug|Any CPU.ActiveCfg = Debug|Any CPU
		{570875CB-3D35-6CC7-A6B0-AC8632FF60B9}.Debug|Any CPU.Build.0 = Debug|Any CPU
		{570875CB-3D35-6CC7-A6B0-AC8632FF60B9}.Release|Any CPU.ActiveCfg = Release|Any CPU
		{570875CB-3D35-6CC7-A6B0-AC8632FF60B9}.Release|Any CPU.Build.0 = Release|Any CPU
		{A5D05A94-2AC8-0741-7A02-A56DC00EFB2C}.Debug|Any CPU.ActiveCfg = Debug|Any CPU
		{A5D05A94-2AC8-0741-7A02-A56DC00EFB2C}.Debug|Any CPU.Build.0 = Debug|Any CPU
		{A5D05A94-2AC8-0741-7A02-A56DC00EFB2C}.Release|Any CPU.ActiveCfg = Release|Any CPU
		{A5D05A94-2AC8-0741-7A02-A56DC00EFB2C}.Release|Any CPU.Build.0 = Release|Any CPU
		{B59600B2-E8A7-CCB9-90DB-D86B02C1EFA4}.Debug|Any CPU.ActiveCfg = Debug|Any CPU
		{B59600B2-E8A7-CCB9-90DB-D86B02C1EFA4}.Debug|Any CPU.Build.0 = Debug|Any CPU
		{B59600B2-E8A7-CCB9-90DB-D86B02C1EFA4}.Release|Any CPU.ActiveCfg = Release|Any CPU
		{B59600B2-E8A7-CCB9-90DB-D86B02C1EFA4}.Release|Any CPU.Build.0 = Release|Any CPU
		{4B149BDE-1CAC-6BE0-7BEE-C46815A4C272}.Debug|Any CPU.ActiveCfg = Debug|Any CPU
		{4B149BDE-1CAC-6BE0-7BEE-C46815A4C272}.Debug|Any CPU.Build.0 = Debug|Any CPU
		{4B149BDE-1CAC-6BE0-7BEE-C46815A4C272}.Release|Any CPU.ActiveCfg = Release|Any CPU
		{4B149BDE-1CAC-6BE0-7BEE-C46815A4C272}.Release|Any CPU.Build.0 = Release|Any CPU
		{AB405000-B69A-6CCD-B628-76CBDE7E69CD}.Debug|Any CPU.ActiveCfg = Debug|Any CPU
		{AB405000-B69A-6CCD-B628-76CBDE7E69CD}.Debug|Any CPU.Build.0 = Debug|Any CPU
		{AB405000-B69A-6CCD-B628-76CBDE7E69CD}.Release|Any CPU.ActiveCfg = Release|Any CPU
		{AB405000-B69A-6CCD-B628-76CBDE7E69CD}.Release|Any CPU.Build.0 = Release|Any CPU
		{1E12E32A-0BA1-F680-9889-619B4A304C07}.Debug|Any CPU.ActiveCfg = Debug|Any CPU
		{1E12E32A-0BA1-F680-9889-619B4A304C07}.Debug|Any CPU.Build.0 = Debug|Any CPU
		{1E12E32A-0BA1-F680-9889-619B4A304C07}.Release|Any CPU.ActiveCfg = Release|Any CPU
		{1E12E32A-0BA1-F680-9889-619B4A304C07}.Release|Any CPU.Build.0 = Release|Any CPU
		{856D834A-7988-59E7-F049-B6FB687D03E3}.Debug|Any CPU.ActiveCfg = Debug|Any CPU
		{856D834A-7988-59E7-F049-B6FB687D03E3}.Debug|Any CPU.Build.0 = Debug|Any CPU
		{856D834A-7988-59E7-F049-B6FB687D03E3}.Release|Any CPU.ActiveCfg = Release|Any CPU
		{856D834A-7988-59E7-F049-B6FB687D03E3}.Release|Any CPU.Build.0 = Release|Any CPU
		{D2B26CFD-19BC-ABA5-303D-D96346499D23}.Debug|Any CPU.ActiveCfg = Debug|Any CPU
		{D2B26CFD-19BC-ABA5-303D-D96346499D23}.Debug|Any CPU.Build.0 = Debug|Any CPU
		{D2B26CFD-19BC-ABA5-303D-D96346499D23}.Release|Any CPU.ActiveCfg = Release|Any CPU
		{D2B26CFD-19BC-ABA5-303D-D96346499D23}.Release|Any CPU.Build.0 = Release|Any CPU
		{CF53ECD2-186C-6B0B-C919-85EBBFA778E1}.Debug|Any CPU.ActiveCfg = Debug|Any CPU
		{CF53ECD2-186C-6B0B-C919-85EBBFA778E1}.Debug|Any CPU.Build.0 = Debug|Any CPU
		{CF53ECD2-186C-6B0B-C919-85EBBFA778E1}.Release|Any CPU.ActiveCfg = Release|Any CPU
		{CF53ECD2-186C-6B0B-C919-85EBBFA778E1}.Release|Any CPU.Build.0 = Release|Any CPU
		{3D4CAA0C-010C-C965-1FC1-5E90EA599155}.Debug|Any CPU.ActiveCfg = Debug|Any CPU
		{3D4CAA0C-010C-C965-1FC1-5E90EA599155}.Debug|Any CPU.Build.0 = Debug|Any CPU
		{3D4CAA0C-010C-C965-1FC1-5E90EA599155}.Release|Any CPU.ActiveCfg = Release|Any CPU
		{3D4CAA0C-010C-C965-1FC1-5E90EA599155}.Release|Any CPU.Build.0 = Release|Any CPU
		{EB7B06DC-DB8B-D78B-BB23-EF190C950AFF}.Debug|Any CPU.ActiveCfg = Debug|Any CPU
		{EB7B06DC-DB8B-D78B-BB23-EF190C950AFF}.Debug|Any CPU.Build.0 = Debug|Any CPU
		{EB7B06DC-DB8B-D78B-BB23-EF190C950AFF}.Release|Any CPU.ActiveCfg = Release|Any CPU
		{EB7B06DC-DB8B-D78B-BB23-EF190C950AFF}.Release|Any CPU.Build.0 = Release|Any CPU
		{96E687B7-436B-1AB5-46E2-3D0C87EFEA71}.Debug|Any CPU.ActiveCfg = Debug|Any CPU
		{96E687B7-436B-1AB5-46E2-3D0C87EFEA71}.Debug|Any CPU.Build.0 = Debug|Any CPU
		{96E687B7-436B-1AB5-46E2-3D0C87EFEA71}.Release|Any CPU.ActiveCfg = Release|Any CPU
		{96E687B7-436B-1AB5-46E2-3D0C87EFEA71}.Release|Any CPU.Build.0 = Release|Any CPU
		{5FDB7F27-D2A3-6126-9972-88F08B83B646}.Debug|Any CPU.ActiveCfg = Debug|Any CPU
		{5FDB7F27-D2A3-6126-9972-88F08B83B646}.Debug|Any CPU.Build.0 = Debug|Any CPU
		{5FDB7F27-D2A3-6126-9972-88F08B83B646}.Release|Any CPU.ActiveCfg = Release|Any CPU
		{5FDB7F27-D2A3-6126-9972-88F08B83B646}.Release|Any CPU.Build.0 = Release|Any CPU
		{21ED58A7-6FF4-5B51-6C67-D80AC3824F6D}.Debug|Any CPU.ActiveCfg = Debug|Any CPU
		{21ED58A7-6FF4-5B51-6C67-D80AC3824F6D}.Debug|Any CPU.Build.0 = Debug|Any CPU
		{21ED58A7-6FF4-5B51-6C67-D80AC3824F6D}.Release|Any CPU.ActiveCfg = Release|Any CPU
		{21ED58A7-6FF4-5B51-6C67-D80AC3824F6D}.Release|Any CPU.Build.0 = Release|Any CPU
		{FF9D1876-E193-05F4-1421-87885D9D3C0A}.Debug|Any CPU.ActiveCfg = Debug|Any CPU
		{FF9D1876-E193-05F4-1421-87885D9D3C0A}.Debug|Any CPU.Build.0 = Debug|Any CPU
		{FF9D1876-E193-05F4-1421-87885D9D3C0A}.Release|Any CPU.ActiveCfg = Release|Any CPU
		{FF9D1876-E193-05F4-1421-87885D9D3C0A}.Release|Any CPU.Build.0 = Release|Any CPU
		{5EF23CAB-1AE4-9BC4-E0A2-062371B50561}.Debug|Any CPU.ActiveCfg = Debug|Any CPU
		{5EF23CAB-1AE4-9BC4-E0A2-062371B50561}.Debug|Any CPU.Build.0 = Debug|Any CPU
		{5EF23CAB-1AE4-9BC4-E0A2-062371B50561}.Release|Any CPU.ActiveCfg = Release|Any CPU
		{5EF23CAB-1AE4-9BC4-E0A2-062371B50561}.Release|Any CPU.Build.0 = Release|Any CPU
		{0F9E63E6-4774-610A-A4EC-E31EF43B1EB2}.Debug|Any CPU.ActiveCfg = Debug|Any CPU
		{0F9E63E6-4774-610A-A4EC-E31EF43B1EB2}.Debug|Any CPU.Build.0 = Debug|Any CPU
		{0F9E63E6-4774-610A-A4EC-E31EF43B1EB2}.Release|Any CPU.ActiveCfg = Release|Any CPU
		{0F9E63E6-4774-610A-A4EC-E31EF43B1EB2}.Release|Any CPU.Build.0 = Release|Any CPU
		{CF44A8AB-5375-E524-EF28-1781C6A15904}.Debug|Any CPU.ActiveCfg = Debug|Any CPU
		{CF44A8AB-5375-E524-EF28-1781C6A15904}.Debug|Any CPU.Build.0 = Debug|Any CPU
		{CF44A8AB-5375-E524-EF28-1781C6A15904}.Release|Any CPU.ActiveCfg = Release|Any CPU
		{CF44A8AB-5375-E524-EF28-1781C6A15904}.Release|Any CPU.Build.0 = Release|Any CPU
		{BB2D7488-3BCC-E8F2-159B-4739F5F93269}.Debug|Any CPU.ActiveCfg = Debug|Any CPU
		{BB2D7488-3BCC-E8F2-159B-4739F5F93269}.Debug|Any CPU.Build.0 = Debug|Any CPU
		{BB2D7488-3BCC-E8F2-159B-4739F5F93269}.Release|Any CPU.ActiveCfg = Release|Any CPU
		{BB2D7488-3BCC-E8F2-159B-4739F5F93269}.Release|Any CPU.Build.0 = Release|Any CPU
		{B01A8FF9-7317-C861-7B84-71D4AF2C14F7}.Debug|Any CPU.ActiveCfg = Debug|Any CPU
		{B01A8FF9-7317-C861-7B84-71D4AF2C14F7}.Debug|Any CPU.Build.0 = Debug|Any CPU
		{B01A8FF9-7317-C861-7B84-71D4AF2C14F7}.Release|Any CPU.ActiveCfg = Release|Any CPU
		{B01A8FF9-7317-C861-7B84-71D4AF2C14F7}.Release|Any CPU.Build.0 = Release|Any CPU
		{490B8B21-2C97-B6DF-3A0A-351D494812FB}.Debug|Any CPU.ActiveCfg = Debug|Any CPU
		{490B8B21-2C97-B6DF-3A0A-351D494812FB}.Debug|Any CPU.Build.0 = Debug|Any CPU
		{490B8B21-2C97-B6DF-3A0A-351D494812FB}.Release|Any CPU.ActiveCfg = Release|Any CPU
		{490B8B21-2C97-B6DF-3A0A-351D494812FB}.Release|Any CPU.Build.0 = Release|Any CPU
		{5095B66E-DACE-A46A-E2A3-371CDD9FE397}.Debug|Any CPU.ActiveCfg = Debug|Any CPU
		{5095B66E-DACE-A46A-E2A3-371CDD9FE397}.Debug|Any CPU.Build.0 = Debug|Any CPU
		{5095B66E-DACE-A46A-E2A3-371CDD9FE397}.Release|Any CPU.ActiveCfg = Release|Any CPU
		{5095B66E-DACE-A46A-E2A3-371CDD9FE397}.Release|Any CPU.Build.0 = Release|Any CPU
		{147D1076-0D52-2F82-B9D3-C8613AF515A8}.Debug|Any CPU.ActiveCfg = Debug|Any CPU
		{147D1076-0D52-2F82-B9D3-C8613AF515A8}.Debug|Any CPU.Build.0 = Debug|Any CPU
		{147D1076-0D52-2F82-B9D3-C8613AF515A8}.Release|Any CPU.ActiveCfg = Release|Any CPU
		{147D1076-0D52-2F82-B9D3-C8613AF515A8}.Release|Any CPU.Build.0 = Release|Any CPU
		{AD4620A7-A449-DC0E-BADB-BEF30D7AAABB}.Debug|Any CPU.ActiveCfg = Debug|Any CPU
		{AD4620A7-A449-DC0E-BADB-BEF30D7AAABB}.Debug|Any CPU.Build.0 = Debug|Any CPU
		{AD4620A7-A449-DC0E-BADB-BEF30D7AAABB}.Release|Any CPU.ActiveCfg = Release|Any CPU
		{AD4620A7-A449-DC0E-BADB-BEF30D7AAABB}.Release|Any CPU.Build.0 = Release|Any CPU
		{9F242877-A1CB-99CB-5ADC-B0027FFD8625}.Debug|Any CPU.ActiveCfg = Debug|Any CPU
		{9F242877-A1CB-99CB-5ADC-B0027FFD8625}.Debug|Any CPU.Build.0 = Debug|Any CPU
		{9F242877-A1CB-99CB-5ADC-B0027FFD8625}.Release|Any CPU.ActiveCfg = Release|Any CPU
		{9F242877-A1CB-99CB-5ADC-B0027FFD8625}.Release|Any CPU.Build.0 = Release|Any CPU
		{58E980B9-D191-3CBF-A48F-1052B36444A8}.Debug|Any CPU.ActiveCfg = Debug|Any CPU
		{58E980B9-D191-3CBF-A48F-1052B36444A8}.Debug|Any CPU.Build.0 = Debug|Any CPU
		{58E980B9-D191-3CBF-A48F-1052B36444A8}.Release|Any CPU.ActiveCfg = Release|Any CPU
		{58E980B9-D191-3CBF-A48F-1052B36444A8}.Release|Any CPU.Build.0 = Release|Any CPU
		{61D88314-63F2-1A1F-2304-A20F84DA239D}.Debug|Any CPU.ActiveCfg = Debug|Any CPU
		{61D88314-63F2-1A1F-2304-A20F84DA239D}.Debug|Any CPU.Build.0 = Debug|Any CPU
		{61D88314-63F2-1A1F-2304-A20F84DA239D}.Release|Any CPU.ActiveCfg = Release|Any CPU
		{61D88314-63F2-1A1F-2304-A20F84DA239D}.Release|Any CPU.Build.0 = Release|Any CPU
		{8A74DF63-44B2-F787-C354-0160492EF229}.Debug|Any CPU.ActiveCfg = Debug|Any CPU
		{8A74DF63-44B2-F787-C354-0160492EF229}.Debug|Any CPU.Build.0 = Debug|Any CPU
		{8A74DF63-44B2-F787-C354-0160492EF229}.Release|Any CPU.ActiveCfg = Release|Any CPU
		{8A74DF63-44B2-F787-C354-0160492EF229}.Release|Any CPU.Build.0 = Release|Any CPU
		{8007A60C-E34C-823F-EEF0-7C87BF3BD49E}.Debug|Any CPU.ActiveCfg = Debug|Any CPU
		{8007A60C-E34C-823F-EEF0-7C87BF3BD49E}.Debug|Any CPU.Build.0 = Debug|Any CPU
		{8007A60C-E34C-823F-EEF0-7C87BF3BD49E}.Release|Any CPU.ActiveCfg = Release|Any CPU
		{8007A60C-E34C-823F-EEF0-7C87BF3BD49E}.Release|Any CPU.Build.0 = Release|Any CPU
		{ADFF57FF-908A-1D49-A327-3DD21F34F213}.Debug|Any CPU.ActiveCfg = Debug|Any CPU
		{ADFF57FF-908A-1D49-A327-3DD21F34F213}.Debug|Any CPU.Build.0 = Debug|Any CPU
		{ADFF57FF-908A-1D49-A327-3DD21F34F213}.Release|Any CPU.ActiveCfg = Release|Any CPU
		{ADFF57FF-908A-1D49-A327-3DD21F34F213}.Release|Any CPU.Build.0 = Release|Any CPU
		{7F72FFDF-5C69-8E14-DF7A-386E80F9E8AD}.Debug|Any CPU.ActiveCfg = Debug|Any CPU
		{7F72FFDF-5C69-8E14-DF7A-386E80F9E8AD}.Debug|Any CPU.Build.0 = Debug|Any CPU
		{7F72FFDF-5C69-8E14-DF7A-386E80F9E8AD}.Release|Any CPU.ActiveCfg = Release|Any CPU
		{7F72FFDF-5C69-8E14-DF7A-386E80F9E8AD}.Release|Any CPU.Build.0 = Release|Any CPU
		{88D2EEA7-53EB-85CE-8F06-88E5F539C1E4}.Debug|Any CPU.ActiveCfg = Debug|Any CPU
		{88D2EEA7-53EB-85CE-8F06-88E5F539C1E4}.Debug|Any CPU.Build.0 = Debug|Any CPU
		{88D2EEA7-53EB-85CE-8F06-88E5F539C1E4}.Release|Any CPU.ActiveCfg = Release|Any CPU
		{88D2EEA7-53EB-85CE-8F06-88E5F539C1E4}.Release|Any CPU.Build.0 = Release|Any CPU
		{662F22F1-C025-0C7D-6006-18BCA2FA661C}.Debug|Any CPU.ActiveCfg = Debug|Any CPU
		{662F22F1-C025-0C7D-6006-18BCA2FA661C}.Debug|Any CPU.Build.0 = Debug|Any CPU
		{662F22F1-C025-0C7D-6006-18BCA2FA661C}.Release|Any CPU.ActiveCfg = Release|Any CPU
		{662F22F1-C025-0C7D-6006-18BCA2FA661C}.Release|Any CPU.Build.0 = Release|Any CPU
	EndGlobalSection
	GlobalSection(SolutionProperties) = preSolution
		HideSolutionNode = FALSE
	EndGlobalSection
EndGlobal
